
Microsoft Visual Studio Solution File, Format Version 12.00
# Visual Studio Version 16
VisualStudioVersion = 16.0.33801.447
MinimumVisualStudioVersion = 10.0.40219.1
Project("{FAE04EC0-301F-11D3-BF4B-00C04F79EFBC}") = "Exercicio", "Interfaces (Exercício de fixação)\Exercicio.csproj", "{6AC85C42-0B9F-46D5-86BE-8323F757DC57}"
EndProject
Global
	GlobalSection(SolutionConfigurationPlatforms) = preSolution
		Debug|Any CPU = Debug|Any CPU
		Release|Any CPU = Release|Any CPU
	EndGlobalSection
	GlobalSection(ProjectConfigurationPlatforms) = postSolution
		{6AC85C42-0B9F-46D5-86BE-8323F757DC57}.Debug|Any CPU.ActiveCfg = Debug|Any CPU
		{6AC85C42-0B9F-46D5-86BE-8323F757DC57}.Debug|Any CPU.Build.0 = Debug|Any CPU
		{6AC85C42-0B9F-46D5-86BE-8323F757DC57}.Release|Any CPU.ActiveCfg = Release|Any CPU
		{6AC85C42-0B9F-46D5-86BE-8323F757DC57}.Release|Any CPU.Build.0 = Release|Any CPU
	EndGlobalSection
	GlobalSection(SolutionProperties) = preSolution
		HideSolutionNode = FALSE
	EndGlobalSection
	GlobalSection(ExtensibilityGlobals) = postSolution
		SolutionGuid = {7A2C781C-8D57-4ABE-9D16-29A88DF876DD}
	EndGlobalSection
EndGlobal
